
Microsoft Visual Studio Solution File, Format Version 12.00
# Visual Studio Version 17
VisualStudioVersion = 17.7.34031.279
MinimumVisualStudioVersion = 10.0.40219.1
Project("{FAE04EC0-301F-11D3-BF4B-00C04F79EFBC}") = "Building_A_Calculator", "Building_A_Calculator.csproj", "{F75B85BA-9DA5-4E60-9419-998CE06B180F}"
EndProject
Global
	GlobalSection(SolutionConfigurationPlatforms) = preSolution
		Debug|Any CPU = Debug|Any CPU
		Release|Any CPU = Release|Any CPU
	EndGlobalSection
	GlobalSection(ProjectConfigurationPlatforms) = postSolution
		{F75B85BA-9DA5-4E60-9419-998CE06B180F}.Debug|Any CPU.ActiveCfg = Debug|Any CPU
		{F75B85BA-9DA5-4E60-9419-998CE06B180F}.Debug|Any CPU.Build.0 = Debug|Any CPU
		{F75B85BA-9DA5-4E60-9419-998CE06B180F}.Release|Any CPU.ActiveCfg = Release|Any CPU
		{F75B85BA-9DA5-4E60-9419-998CE06B180F}.Release|Any CPU.Build.0 = Release|Any CPU
	EndGlobalSection
	GlobalSection(SolutionProperties) = preSolution
		HideSolutionNode = FALSE
	EndGlobalSection
	GlobalSection(ExtensibilityGlobals) = postSolution
		SolutionGuid = {60F145CC-5908-467C-B7E3-6486547B4998}
	EndGlobalSection
EndGlobal
